// !$*UTF8*$!
{
	archiveVersion = 1;
	classes = {
	};
	objectVersion = 46;
	objects = {

/* Begin PBXBuildFile section */
		4B471F4119103ADD00E94D2B /* Foundation.framework in Frameworks */ = {isa = PBXBuildFile; fileRef = 4B471F4019103ADD00E94D2B /* Foundation.framework */; };
		4B471F4319103ADD00E94D2B /* CoreGraphics.framework in Frameworks */ = {isa = PBXBuildFile; fileRef = 4B471F4219103ADD00E94D2B /* CoreGraphics.framework */; };
		4B471F4519103ADD00E94D2B /* UIKit.framework in Frameworks */ = {isa = PBXBuildFile; fileRef = 4B471F4419103ADD00E94D2B /* UIKit.framework */; };
		4B471F5A19103ADD00E94D2B /* XCTest.framework in Frameworks */ = {isa = PBXBuildFile; fileRef = 4B471F5919103ADD00E94D2B /* XCTest.framework */; };
		4B471F5B19103ADD00E94D2B /* Foundation.framework in Frameworks */ = {isa = PBXBuildFile; fileRef = 4B471F4019103ADD00E94D2B /* Foundation.framework */; };
		4B471F5C19103ADD00E94D2B /* UIKit.framework in Frameworks */ = {isa = PBXBuildFile; fileRef = 4B471F4419103ADD00E94D2B /* UIKit.framework */; };
		4B471F6419103ADD00E94D2B /* InfoPlist.strings in Resources */ = {isa = PBXBuildFile; fileRef = 4B471F6219103ADD00E94D2B /* InfoPlist.strings */; };
		4B471F6619103ADD00E94D2B /* NSStringHelpersTests.m in Sources */ = {isa = PBXBuildFile; fileRef = 4B471F6519103ADD00E94D2B /* NSStringHelpersTests.m */; };
		4B471F8B19103BB700E94D2B /* main.m in Sources */ = {isa = PBXBuildFile; fileRef = 4B471F7019103BB700E94D2B /* main.m */; };
		4B471F8C19103BB700E94D2B /* NSSHAppDelegate.m in Sources */ = {isa = PBXBuildFile; fileRef = 4B471F7219103BB700E94D2B /* NSSHAppDelegate.m */; };
		4B471F8F19103BB700E94D2B /* Images.xcassets in Resources */ = {isa = PBXBuildFile; fileRef = 4B471F7E19103BB700E94D2B /* Images.xcassets */; };
		4B471F9019103BB700E94D2B /* InfoPlist.strings in Resources */ = {isa = PBXBuildFile; fileRef = 4B471F8419103BB700E94D2B /* InfoPlist.strings */; };
		4B471F9419103D1700E94D2B /* NSString+Helpers.m in Sources */ = {isa = PBXBuildFile; fileRef = 4B471F9319103D1700E94D2B /* NSString+Helpers.m */; };
		4B471F9719103ECC00E94D2B /* NSSHTestViewController.m in Sources */ = {isa = PBXBuildFile; fileRef = 4B471F9619103ECC00E94D2B /* NSSHTestViewController.m */; };
/* End PBXBuildFile section */

/* Begin PBXContainerItemProxy section */
		4B471F5D19103ADD00E94D2B /* PBXContainerItemProxy */ = {
			isa = PBXContainerItemProxy;
			containerPortal = 4B471F3519103ADD00E94D2B /* Project object */;
			proxyType = 1;
			remoteGlobalIDString = 4B471F3C19103ADD00E94D2B;
			remoteInfo = NSStringHelpers;
		};
/* End PBXContainerItemProxy section */

/* Begin PBXFileReference section */
		4B471F3D19103ADD00E94D2B /* NSStringHelpers.app */ = {isa = PBXFileReference; explicitFileType = wrapper.application; includeInIndex = 0; path = NSStringHelpers.app; sourceTree = BUILT_PRODUCTS_DIR; };
		4B471F4019103ADD00E94D2B /* Foundation.framework */ = {isa = PBXFileReference; lastKnownFileType = wrapper.framework; name = Foundation.framework; path = System/Library/Frameworks/Foundation.framework; sourceTree = SDKROOT; };
		4B471F4219103ADD00E94D2B /* CoreGraphics.framework */ = {isa = PBXFileReference; lastKnownFileType = wrapper.framework; name = CoreGraphics.framework; path = System/Library/Frameworks/CoreGraphics.framework; sourceTree = SDKROOT; };
		4B471F4419103ADD00E94D2B /* UIKit.framework */ = {isa = PBXFileReference; lastKnownFileType = wrapper.framework; name = UIKit.framework; path = System/Library/Frameworks/UIKit.framework; sourceTree = SDKROOT; };
		4B471F5819103ADD00E94D2B /* NSStringHelpersTests.xctest */ = {isa = PBXFileReference; explicitFileType = wrapper.cfbundle; includeInIndex = 0; path = NSStringHelpersTests.xctest; sourceTree = BUILT_PRODUCTS_DIR; };
		4B471F5919103ADD00E94D2B /* XCTest.framework */ = {isa = PBXFileReference; lastKnownFileType = wrapper.framework; name = XCTest.framework; path = Library/Frameworks/XCTest.framework; sourceTree = DEVELOPER_DIR; };
		4B471F6119103ADD00E94D2B /* NSStringHelpersTests-Info.plist */ = {isa = PBXFileReference; lastKnownFileType = text.plist.xml; path = "NSStringHelpersTests-Info.plist"; sourceTree = "<group>"; };
		4B471F6319103ADD00E94D2B /* en */ = {isa = PBXFileReference; lastKnownFileType = text.plist.strings; name = en; path = en.lproj/InfoPlist.strings; sourceTree = "<group>"; };
		4B471F6519103ADD00E94D2B /* NSStringHelpersTests.m */ = {isa = PBXFileReference; lastKnownFileType = sourcecode.c.objc; path = NSStringHelpersTests.m; sourceTree = "<group>"; };
		4B471F7019103BB700E94D2B /* main.m */ = {isa = PBXFileReference; fileEncoding = 4; lastKnownFileType = sourcecode.c.objc; path = main.m; sourceTree = "<group>"; };
		4B471F7119103BB700E94D2B /* NSSHAppDelegate.h */ = {isa = PBXFileReference; fileEncoding = 4; lastKnownFileType = sourcecode.c.h; path = NSSHAppDelegate.h; sourceTree = "<group>"; };
		4B471F7219103BB700E94D2B /* NSSHAppDelegate.m */ = {isa = PBXFileReference; fileEncoding = 4; lastKnownFileType = sourcecode.c.objc; path = NSSHAppDelegate.m; sourceTree = "<group>"; };
		4B471F7319103BB700E94D2B /* NSStringHelpers-Info.plist */ = {isa = PBXFileReference; fileEncoding = 4; lastKnownFileType = text.plist.xml; path = "NSStringHelpers-Info.plist"; sourceTree = "<group>"; };
		4B471F7419103BB700E94D2B /* NSStringHelpers-Prefix.pch */ = {isa = PBXFileReference; fileEncoding = 4; lastKnownFileType = sourcecode.c.h; path = "NSStringHelpers-Prefix.pch"; sourceTree = "<group>"; };
		4B471F7E19103BB700E94D2B /* Images.xcassets */ = {isa = PBXFileReference; lastKnownFileType = folder.assetcatalog; path = Images.xcassets; sourceTree = "<group>"; };
		4B471F8519103BB700E94D2B /* en */ = {isa = PBXFileReference; lastKnownFileType = text.plist.strings; name = en; path = en.lproj/InfoPlist.strings; sourceTree = "<group>"; };
		4B471F9219103D1700E94D2B /* NSString+Helpers.h */ = {isa = PBXFileReference; fileEncoding = 4; lastKnownFileType = sourcecode.c.h; path = "NSString+Helpers.h"; sourceTree = "<group>"; };
		4B471F9319103D1700E94D2B /* NSString+Helpers.m */ = {isa = PBXFileReference; fileEncoding = 4; lastKnownFileType = sourcecode.c.objc; path = "NSString+Helpers.m"; sourceTree = "<group>"; };
		4B471F9519103ECC00E94D2B /* NSSHTestViewController.h */ = {isa = PBXFileReference; fileEncoding = 4; lastKnownFileType = sourcecode.c.h; path = NSSHTestViewController.h; sourceTree = "<group>"; };
		4B471F9619103ECC00E94D2B /* NSSHTestViewController.m */ = {isa = PBXFileReference; fileEncoding = 4; lastKnownFileType = sourcecode.c.objc; path = NSSHTestViewController.m; sourceTree = "<group>"; };
/* End PBXFileReference section */

/* Begin PBXFrameworksBuildPhase section */
		4B471F3A19103ADD00E94D2B /* Frameworks */ = {
			isa = PBXFrameworksBuildPhase;
			buildActionMask = 2147483647;
			files = (
				4B471F4319103ADD00E94D2B /* CoreGraphics.framework in Frameworks */,
				4B471F4519103ADD00E94D2B /* UIKit.framework in Frameworks */,
				4B471F4119103ADD00E94D2B /* Foundation.framework in Frameworks */,
			);
			runOnlyForDeploymentPostprocessing = 0;
		};
		4B471F5519103ADD00E94D2B /* Frameworks */ = {
			isa = PBXFrameworksBuildPhase;
			buildActionMask = 2147483647;
			files = (
				4B471F5A19103ADD00E94D2B /* XCTest.framework in Frameworks */,
				4B471F5C19103ADD00E94D2B /* UIKit.framework in Frameworks */,
				4B471F5B19103ADD00E94D2B /* Foundation.framework in Frameworks */,
			);
			runOnlyForDeploymentPostprocessing = 0;
		};
/* End PBXFrameworksBuildPhase section */

/* Begin PBXGroup section */
		4B471F3419103ADD00E94D2B = {
			isa = PBXGroup;
			children = (
				4B471F9119103D1700E94D2B /* NSString+Helpers */,
				4B471F4619103ADD00E94D2B /* NSStringHelpers */,
				4B471F5F19103ADD00E94D2B /* NSStringHelpersTests */,
				4B471F3F19103ADD00E94D2B /* Frameworks */,
				4B471F3E19103ADD00E94D2B /* Products */,
			);
			sourceTree = "<group>";
		};
		4B471F3E19103ADD00E94D2B /* Products */ = {
			isa = PBXGroup;
			children = (
				4B471F3D19103ADD00E94D2B /* NSStringHelpers.app */,
				4B471F5819103ADD00E94D2B /* NSStringHelpersTests.xctest */,
			);
			name = Products;
			sourceTree = "<group>";
		};
		4B471F3F19103ADD00E94D2B /* Frameworks */ = {
			isa = PBXGroup;
			children = (
				4B471F4019103ADD00E94D2B /* Foundation.framework */,
				4B471F4219103ADD00E94D2B /* CoreGraphics.framework */,
				4B471F4419103ADD00E94D2B /* UIKit.framework */,
				4B471F5919103ADD00E94D2B /* XCTest.framework */,
			);
			name = Frameworks;
			sourceTree = "<group>";
		};
		4B471F4619103ADD00E94D2B /* NSStringHelpers */ = {
			isa = PBXGroup;
			children = (
				4B471F6F19103BB700E94D2B /* Application */,
				4B471F7519103BB700E94D2B /* Controllers */,
				4B471F7A19103BB700E94D2B /* Resources */,
			);
			path = NSStringHelpers;
			sourceTree = "<group>";
		};
		4B471F5F19103ADD00E94D2B /* NSStringHelpersTests */ = {
			isa = PBXGroup;
			children = (
				4B471F6519103ADD00E94D2B /* NSStringHelpersTests.m */,
				4B471F6019103ADD00E94D2B /* Supporting Files */,
			);
			path = NSStringHelpersTests;
			sourceTree = "<group>";
		};
		4B471F6019103ADD00E94D2B /* Supporting Files */ = {
			isa = PBXGroup;
			children = (
				4B471F6119103ADD00E94D2B /* NSStringHelpersTests-Info.plist */,
				4B471F6219103ADD00E94D2B /* InfoPlist.strings */,
			);
			name = "Supporting Files";
			sourceTree = "<group>";
		};
		4B471F6F19103BB700E94D2B /* Application */ = {
			isa = PBXGroup;
			children = (
				4B471F7019103BB700E94D2B /* main.m */,
				4B471F7119103BB700E94D2B /* NSSHAppDelegate.h */,
				4B471F7219103BB700E94D2B /* NSSHAppDelegate.m */,
				4B471F7319103BB700E94D2B /* NSStringHelpers-Info.plist */,
				4B471F7419103BB700E94D2B /* NSStringHelpers-Prefix.pch */,
			);
			path = Application;
			sourceTree = "<group>";
		};
		4B471F7519103BB700E94D2B /* Controllers */ = {
			isa = PBXGroup;
			children = (
				4B471F9519103ECC00E94D2B /* NSSHTestViewController.h */,
				4B471F9619103ECC00E94D2B /* NSSHTestViewController.m */,
			);
			path = Controllers;
			sourceTree = "<group>";
		};
		4B471F7A19103BB700E94D2B /* Resources */ = {
			isa = PBXGroup;
			children = (
				4B471F7B19103BB700E94D2B /* Assets */,
				4B471F8319103BB700E94D2B /* Localizations */,
			);
			path = Resources;
			sourceTree = "<group>";
		};
		4B471F7B19103BB700E94D2B /* Assets */ = {
			isa = PBXGroup;
			children = (
				4B471F7C19103BB700E94D2B /* Images */,
			);
			path = Assets;
			sourceTree = "<group>";
		};
		4B471F7C19103BB700E94D2B /* Images */ = {
			isa = PBXGroup;
			children = (
				4B471F7D19103BB700E94D2B /* Default */,
			);
			path = Images;
			sourceTree = "<group>";
		};
		4B471F7D19103BB700E94D2B /* Default */ = {
			isa = PBXGroup;
			children = (
				4B471F7E19103BB700E94D2B /* Images.xcassets */,
			);
			path = Default;
			sourceTree = "<group>";
		};
		4B471F8319103BB700E94D2B /* Localizations */ = {
			isa = PBXGroup;
			children = (
				4B471F8419103BB700E94D2B /* InfoPlist.strings */,
			);
			path = Localizations;
			sourceTree = "<group>";
		};
		4B471F9119103D1700E94D2B /* NSString+Helpers */ = {
			isa = PBXGroup;
			children = (
				4B471F9219103D1700E94D2B /* NSString+Helpers.h */,
				4B471F9319103D1700E94D2B /* NSString+Helpers.m */,
			);
			path = "NSString+Helpers";
			sourceTree = "<group>";
		};
/* End PBXGroup section */

/* Begin PBXNativeTarget section */
		4B471F3C19103ADD00E94D2B /* NSStringHelpers */ = {
			isa = PBXNativeTarget;
			buildConfigurationList = 4B471F6919103ADD00E94D2B /* Build configuration list for PBXNativeTarget "NSStringHelpers" */;
			buildPhases = (
				4B471F3919103ADD00E94D2B /* Sources */,
				4B471F3A19103ADD00E94D2B /* Frameworks */,
				4B471F3B19103ADD00E94D2B /* Resources */,
			);
			buildRules = (
			);
			dependencies = (
			);
			name = NSStringHelpers;
			productName = NSStringHelpers;
			productReference = 4B471F3D19103ADD00E94D2B /* NSStringHelpers.app */;
			productType = "com.apple.product-type.application";
		};
		4B471F5719103ADD00E94D2B /* NSStringHelpersTests */ = {
			isa = PBXNativeTarget;
			buildConfigurationList = 4B471F6C19103ADD00E94D2B /* Build configuration list for PBXNativeTarget "NSStringHelpersTests" */;
			buildPhases = (
				4B471F5419103ADD00E94D2B /* Sources */,
				4B471F5519103ADD00E94D2B /* Frameworks */,
				4B471F5619103ADD00E94D2B /* Resources */,
			);
			buildRules = (
			);
			dependencies = (
				4B471F5E19103ADD00E94D2B /* PBXTargetDependency */,
			);
			name = NSStringHelpersTests;
			productName = NSStringHelpersTests;
			productReference = 4B471F5819103ADD00E94D2B /* NSStringHelpersTests.xctest */;
			productType = "com.apple.product-type.bundle.unit-test";
		};
/* End PBXNativeTarget section */

/* Begin PBXProject section */
		4B471F3519103ADD00E94D2B /* Project object */ = {
			isa = PBXProject;
			attributes = {
				CLASSPREFIX = NSSH;
				LastUpgradeCheck = 0510;
				ORGANIZATIONNAME = "Bogdan Stasjuk";
				TargetAttributes = {
					4B471F5719103ADD00E94D2B = {
						TestTargetID = 4B471F3C19103ADD00E94D2B;
					};
				};
			};
			buildConfigurationList = 4B471F3819103ADD00E94D2B /* Build configuration list for PBXProject "NSStringHelpers" */;
			compatibilityVersion = "Xcode 3.2";
			developmentRegion = English;
			hasScannedForEncodings = 0;
			knownRegions = (
				en,
			);
			mainGroup = 4B471F3419103ADD00E94D2B;
			productRefGroup = 4B471F3E19103ADD00E94D2B /* Products */;
			projectDirPath = "";
			projectRoot = "";
			targets = (
				4B471F3C19103ADD00E94D2B /* NSStringHelpers */,
				4B471F5719103ADD00E94D2B /* NSStringHelpersTests */,
			);
		};
/* End PBXProject section */

/* Begin PBXResourcesBuildPhase section */
		4B471F3B19103ADD00E94D2B /* Resources */ = {
			isa = PBXResourcesBuildPhase;
			buildActionMask = 2147483647;
			files = (
				4B471F8F19103BB700E94D2B /* Images.xcassets in Resources */,
				4B471F9019103BB700E94D2B /* InfoPlist.strings in Resources */,
			);
			runOnlyForDeploymentPostprocessing = 0;
		};
		4B471F5619103ADD00E94D2B /* Resources */ = {
			isa = PBXResourcesBuildPhase;
			buildActionMask = 2147483647;
			files = (
				4B471F6419103ADD00E94D2B /* InfoPlist.strings in Resources */,
			);
			runOnlyForDeploymentPostprocessing = 0;
		};
/* End PBXResourcesBuildPhase section */

/* Begin PBXSourcesBuildPhase section */
		4B471F3919103ADD00E94D2B /* Sources */ = {
			isa = PBXSourcesBuildPhase;
			buildActionMask = 2147483647;
			files = (
				4B471F8C19103BB700E94D2B /* NSSHAppDelegate.m in Sources */,
				4B471F8B19103BB700E94D2B /* main.m in Sources */,
				4B471F9719103ECC00E94D2B /* NSSHTestViewController.m in Sources */,
				4B471F9419103D1700E94D2B /* NSString+Helpers.m in Sources */,
			);
			runOnlyForDeploymentPostprocessing = 0;
		};
		4B471F5419103ADD00E94D2B /* Sources */ = {
			isa = PBXSourcesBuildPhase;
			buildActionMask = 2147483647;
			files = (
				4B471F6619103ADD00E94D2B /* NSStringHelpersTests.m in Sources */,
			);
			runOnlyForDeploymentPostprocessing = 0;
		};
/* End PBXSourcesBuildPhase section */

/* Begin PBXTargetDependency section */
		4B471F5E19103ADD00E94D2B /* PBXTargetDependency */ = {
			isa = PBXTargetDependency;
			target = 4B471F3C19103ADD00E94D2B /* NSStringHelpers */;
			targetProxy = 4B471F5D19103ADD00E94D2B /* PBXContainerItemProxy */;
		};
/* End PBXTargetDependency section */

/* Begin PBXVariantGroup section */
		4B471F6219103ADD00E94D2B /* InfoPlist.strings */ = {
			isa = PBXVariantGroup;
			children = (
				4B471F6319103ADD00E94D2B /* en */,
			);
			name = InfoPlist.strings;
			sourceTree = "<group>";
		};
		4B471F8419103BB700E94D2B /* InfoPlist.strings */ = {
			isa = PBXVariantGroup;
			children = (
				4B471F8519103BB700E94D2B /* en */,
			);
			name = InfoPlist.strings;
			sourceTree = "<group>";
		};
/* End PBXVariantGroup section */

/* Begin XCBuildConfiguration section */
		4B471F6719103ADD00E94D2B /* Debug */ = {
			isa = XCBuildConfiguration;
			buildSettings = {
				ALWAYS_SEARCH_USER_PATHS = NO;
				CLANG_CXX_LANGUAGE_STANDARD = "gnu++0x";
				CLANG_CXX_LIBRARY = "libc++";
				CLANG_ENABLE_MODULES = YES;
				CLANG_ENABLE_OBJC_ARC = YES;
				CLANG_WARN_BOOL_CONVERSION = YES;
				CLANG_WARN_CONSTANT_CONVERSION = YES;
				CLANG_WARN_DIRECT_OBJC_ISA_USAGE = YES_ERROR;
				CLANG_WARN_EMPTY_BODY = YES;
				CLANG_WARN_ENUM_CONVERSION = YES;
				CLANG_WARN_INT_CONVERSION = YES;
				CLANG_WARN_OBJC_ROOT_CLASS = YES_ERROR;
				CLANG_WARN__DUPLICATE_METHOD_MATCH = YES;
				"CODE_SIGN_IDENTITY[sdk=iphoneos*]" = "iPhone Developer";
				COPY_PHASE_STRIP = NO;
				GCC_C_LANGUAGE_STANDARD = gnu99;
				GCC_DYNAMIC_NO_PIC = NO;
				GCC_OPTIMIZATION_LEVEL = 0;
				GCC_PREPROCESSOR_DEFINITIONS = (
					"DEBUG=1",
					"$(inherited)",
				);
				GCC_SYMBOLS_PRIVATE_EXTERN = NO;
				GCC_WARN_64_TO_32_BIT_CONVERSION = YES;
				GCC_WARN_ABOUT_RETURN_TYPE = YES_ERROR;
				GCC_WARN_UNDECLARED_SELECTOR = YES;
				GCC_WARN_UNINITIALIZED_AUTOS = YES_AGGRESSIVE;
				GCC_WARN_UNUSED_FUNCTION = YES;
				GCC_WARN_UNUSED_VARIABLE = YES;
				IPHONEOS_DEPLOYMENT_TARGET = 7.1;
				ONLY_ACTIVE_ARCH = YES;
				SDKROOT = iphoneos;
			};
			name = Debug;
		};
		4B471F6819103ADD00E94D2B /* Release */ = {
			isa = XCBuildConfiguration;
			buildSettings = {
				ALWAYS_SEARCH_USER_PATHS = NO;
				CLANG_CXX_LANGUAGE_STANDARD = "gnu++0x";
				CLANG_CXX_LIBRARY = "libc++";
				CLANG_ENABLE_MODULES = YES;
				CLANG_ENABLE_OBJC_ARC = YES;
				CLANG_WARN_BOOL_CONVERSION = YES;
				CLANG_WARN_CONSTANT_CONVERSION = YES;
				CLANG_WARN_DIRECT_OBJC_ISA_USAGE = YES_ERROR;
				CLANG_WARN_EMPTY_BODY = YES;
				CLANG_WARN_ENUM_CONVERSION = YES;
				CLANG_WARN_INT_CONVERSION = YES;
				CLANG_WARN_OBJC_ROOT_CLASS = YES_ERROR;
				CLANG_WARN__DUPLICATE_METHOD_MATCH = YES;
				"CODE_SIGN_IDENTITY[sdk=iphoneos*]" = "iPhone Developer";
				COPY_PHASE_STRIP = YES;
				ENABLE_NS_ASSERTIONS = NO;
				GCC_C_LANGUAGE_STANDARD = gnu99;
				GCC_WARN_64_TO_32_BIT_CONVERSION = YES;
				GCC_WARN_ABOUT_RETURN_TYPE = YES_ERROR;
				GCC_WARN_UNDECLARED_SELECTOR = YES;
				GCC_WARN_UNINITIALIZED_AUTOS = YES_AGGRESSIVE;
				GCC_WARN_UNUSED_FUNCTION = YES;
				GCC_WARN_UNUSED_VARIABLE = YES;
				IPHONEOS_DEPLOYMENT_TARGET = 7.1;
				SDKROOT = iphoneos;
				VALIDATE_PRODUCT = YES;
			};
			name = Release;
		};
		4B471F6A19103ADD00E94D2B /* Debug */ = {
			isa = XCBuildConfiguration;
			buildSettings = {
				ASSETCATALOG_COMPILER_APPICON_NAME = AppIcon;
				ASSETCATALOG_COMPILER_LAUNCHIMAGE_NAME = LaunchImage;
				GCC_PRECOMPILE_PREFIX_HEADER = YES;
				GCC_PREFIX_HEADER = "NSStringHelpers/Application/NSStringHelpers-Prefix.pch";
				INFOPLIST_FILE = "$(SRCROOT)/NSStringHelpers/Application/NSStringHelpers-Info.plist";
				IPHONEOS_DEPLOYMENT_TARGET = 6.0;
				PRODUCT_NAME = "$(TARGET_NAME)";
				TARGETED_DEVICE_FAMILY = "1,2";
				WRAPPER_EXTENSION = app;
			};
			name = Debug;
		};
		4B471F6B19103ADD00E94D2B /* Release */ = {
			isa = XCBuildConfiguration;
			buildSettings = {
				ASSETCATALOG_COMPILER_APPICON_NAME = AppIcon;
				ASSETCATALOG_COMPILER_LAUNCHIMAGE_NAME = LaunchImage;
				GCC_PRECOMPILE_PREFIX_HEADER = YES;
				GCC_PREFIX_HEADER = "NSStringHelpers/Application/NSStringHelpers-Prefix.pch";
				INFOPLIST_FILE = "$(SRCROOT)/NSStringHelpers/Application/NSStringHelpers-Info.plist";
				IPHONEOS_DEPLOYMENT_TARGET = 6.0;
				PRODUCT_NAME = "$(TARGET_NAME)";
				TARGETED_DEVICE_FAMILY = "1,2";
				WRAPPER_EXTENSION = app;
			};
			name = Release;
		};
		4B471F6D19103ADD00E94D2B /* Debug */ = {
			isa = XCBuildConfiguration;
			buildSettings = {
				BUNDLE_LOADER = "$(BUILT_PRODUCTS_DIR)/NSStringHelpers.app/NSStringHelpers";
				FRAMEWORK_SEARCH_PATHS = (
					"$(SDKROOT)/Developer/Library/Frameworks",
					"$(inherited)",
					"$(DEVELOPER_FRAMEWORKS_DIR)",
				);
				GCC_PRECOMPILE_PREFIX_HEADER = YES;
				GCC_PREFIX_HEADER = "NSStringHelpers/NSStringHelpers-Prefix.pch";
				GCC_PREPROCESSOR_DEFINITIONS = (
					"DEBUG=1",
					"$(inherited)",
				);
				INFOPLIST_FILE = "NSStringHelpersTests/NSStringHelpersTests-Info.plist";
				PRODUCT_NAME = "$(TARGET_NAME)";
				TEST_HOST = "$(BUNDLE_LOADER)";
				WRAPPER_EXTENSION = xctest;
			};
			name = Debug;
		};
		4B471F6E19103ADD00E94D2B /* Release */ = {
			isa = XCBuildConfiguration;
			buildSettings = {
				BUNDLE_LOADER = "$(BUILT_PRODUCTS_DIR)/NSStringHelpers.app/NSStringHelpers";
				FRAMEWORK_SEARCH_PATHS = (
					"$(SDKROOT)/Developer/Library/Frameworks",
					"$(inherited)",
					"$(DEVELOPER_FRAMEWORKS_DIR)",
				);
				GCC_PRECOMPILE_PREFIX_HEADER = YES;
				GCC_PREFIX_HEADER = "NSStringHelpers/NSStringHelpers-Prefix.pch";
				INFOPLIST_FILE = "NSStringHelpersTests/NSStringHelpersTests-Info.plist";
				PRODUCT_NAME = "$(TARGET_NAME)";
				TEST_HOST = "$(BUNDLE_LOADER)";
				WRAPPER_EXTENSION = xctest;
			};
			name = Release;
		};
/* End XCBuildConfiguration section */

/* Begin XCConfigurationList section */
		4B471F3819103ADD00E94D2B /* Build configuration list for PBXProject "NSStringHelpers" */ = {
			isa = XCConfigurationList;
			buildConfigurations = (
				4B471F6719103ADD00E94D2B /* Debug */,
				4B471F6819103ADD00E94D2B /* Release */,
			);
			defaultConfigurationIsVisible = 0;
			defaultConfigurationName = Release;
		};
		4B471F6919103ADD00E94D2B /* Build configuration list for PBXNativeTarget "NSStringHelpers" */ = {
			isa = XCConfigurationList;
			buildConfigurations = (
				4B471F6A19103ADD00E94D2B /* Debug */,
				4B471F6B19103ADD00E94D2B /* Release */,
			);
			defaultConfigurationIsVisible = 0;
			defaultConfigurationName = Release;
		};
		4B471F6C19103ADD00E94D2B /* Build configuration list for PBXNativeTarget "NSStringHelpersTests" */ = {
			isa = XCConfigurationList;
			buildConfigurations = (
				4B471F6D19103ADD00E94D2B /* Debug */,
				4B471F6E19103ADD00E94D2B /* Release */,
			);
			defaultConfigurationIsVisible = 0;
			defaultConfigurationName = Release;
		};
/* End XCConfigurationList section */
	};
	rootObject = 4B471F3519103ADD00E94D2B /* Project object */;
}
